Microsoft Visual Studio Solution File, Format Version 12.00
# Visual Studio Version 17
VisualStudioVersion = 17.5.2.0
MinimumVisualStudioVersion = 10.0.40219.1
Project("{FAE04EC0-301F-11D3-BF4B-00C04F79EFBC}") = "LocationTrackerApp-Client", "LocationTrackerApp-Client.csproj", "{3AB8EDFE-3740-F255-6511-5D0813E2409B}"
EndProject
Global
	GlobalSection(SolutionConfigurationPlatforms) = preSolution
		Debug|Any CPU = Debug|Any CPU
		Release|Any CPU = Release|Any CPU
	EndGlobalSection
	GlobalSection(ProjectConfigurationPlatforms) = postSolution
		{3AB8EDFE-3740-F255-6511-5D0813E2409B}.Debug|Any CPU.ActiveCfg = Debug|Any CPU
		{3AB8EDFE-3740-F255-6511-5D0813E2409B}.Debug|Any CPU.Build.0 = Debug|Any CPU
		{3AB8EDFE-3740-F255-6511-5D0813E2409B}.Release|Any CPU.ActiveCfg = Release|Any CPU
		{3AB8EDFE-3740-F255-6511-5D0813E2409B}.Release|Any CPU.Build.0 = Release|Any CPU
	EndGlobalSection
	GlobalSection(SolutionProperties) = preSolution
		HideSolutionNode = FALSE
	EndGlobalSection
	GlobalSection(ExtensibilityGlobals) = postSolution
		SolutionGuid = {E40817C6-F929-43A3-97DB-26174773606A}
	EndGlobalSection
EndGlobal
